
Microsoft Visual Studio Solution File, Format Version 12.00
# Visual Studio Version 17
VisualStudioVersion = 17.7.34221.43
MinimumVisualStudioVersion = 10.0.40219.1
Project("{8BC9CEB8-8B4A-11D0-8D11-00A0C91BC942}") = "Manage_Courses", "Manage_Courses\Manage_Courses.vcxproj", "{91A53581-2D3F-4FF7-A702-FAEA86B92800}"
EndProject
Global
	GlobalSection(SolutionConfigurationPlatforms) = preSolution
		Debug|x64 = Debug|x64
		Debug|x86 = Debug|x86
		Release|x64 = Release|x64
		Release|x86 = Release|x86
	EndGlobalSection
	GlobalSection(ProjectConfigurationPlatforms) = postSolution
		{91A53581-2D3F-4FF7-A702-FAEA86B92800}.Debug|x64.ActiveCfg = Debug|x64
		{91A53581-2D3F-4FF7-A702-FAEA86B92800}.Debug|x64.Build.0 = Debug|x64
		{91A53581-2D3F-4FF7-A702-FAEA86B92800}.Debug|x86.ActiveCfg = Debug|Win32
		{91A53581-2D3F-4FF7-A702-FAEA86B92800}.Debug|x86.Build.0 = Debug|Win32
		{91A53581-2D3F-4FF7-A702-FAEA86B92800}.Release|x64.ActiveCfg = Release|x64
		{91A53581-2D3F-4FF7-A702-FAEA86B92800}.Release|x64.Build.0 = Release|x64
		{91A53581-2D3F-4FF7-A702-FAEA86B92800}.Release|x86.ActiveCfg = Release|Win32
		{91A53581-2D3F-4FF7-A702-FAEA86B92800}.Release|x86.Build.0 = Release|Win32
	EndGlobalSection
	GlobalSection(SolutionProperties) = preSolution
		HideSolutionNode = FALSE
	EndGlobalSection
	GlobalSection(ExtensibilityGlobals) = postSolution
		SolutionGuid = {B3124636-2B07-4DBA-AE8C-EEAF90BE2165}
	EndGlobalSection
EndGlobal
